
Microsoft Visual Studio Solution File, Format Version 12.00
# Visual Studio Version 17
VisualStudioVersion = 17.14.36414.22 d17.14
MinimumVisualStudioVersion = 10.0.40219.1
Project("{FAE04EC0-301F-11D3-BF4B-00C04F79EFBC}") = "Technical.Test", "Technical.Test\Technical.Test.csproj", "{9F9021FB-5896-44A1-859F-697F85354A55}"
EndProject
Global
	GlobalSection(SolutionConfigurationPlatforms) = preSolution
		Debug|Any CPU = Debug|Any CPU
		Release|Any CPU = Release|Any CPU
	EndGlobalSection
	GlobalSection(ProjectConfigurationPlatforms) = postSolution
		{9F9021FB-5896-44A1-859F-697F85354A55}.Debug|Any CPU.ActiveCfg = Debug|Any CPU
		{9F9021FB-5896-44A1-859F-697F85354A55}.Debug|Any CPU.Build.0 = Debug|Any CPU
		{9F9021FB-5896-44A1-859F-697F85354A55}.Release|Any CPU.ActiveCfg = Release|Any CPU
		{9F9021FB-5896-44A1-859F-697F85354A55}.Release|Any CPU.Build.0 = Release|Any CPU
	EndGlobalSection
	GlobalSection(SolutionProperties) = preSolution
		HideSolutionNode = FALSE
	EndGlobalSection
	GlobalSection(ExtensibilityGlobals) = postSolution
		SolutionGuid = {472DF9D7-2B75-42FE-AC44-F1F1F67FEA1C}
	EndGlobalSection
EndGlobal
